// !$*UTF8*$!
{
	archiveVersion = 1;
	classes = {
	};
	objectVersion = 50;
	objects = {

/* Begin PBXBuildFile section */
		0801A0C9219AB3E400345131 /* Notification.swift in Sources */ = {isa = PBXBuildFile; fileRef = 0801A0C8219AB3E400345131 /* Notification.swift */; };
		0801A0CC219ABECD00345131 /* DataBaseHandler.swift in Sources */ = {isa = PBXBuildFile; fileRef = 0801A0CB219ABECD00345131 /* DataBaseHandler.swift */; };
		0801A0CE219ABEED00345131 /* Coredata.swift in Sources */ = {isa = PBXBuildFile; fileRef = 0801A0CD219ABEED00345131 /* Coredata.swift */; };
		08B82BCA219A8BC100664BB7 /* CollectionView.swift in Sources */ = {isa = PBXBuildFile; fileRef = 08B82BC9219A8BC100664BB7 /* CollectionView.swift */; };
		08B82BCC219A8BCD00664BB7 /* collectionCell.swift in Sources */ = {isa = PBXBuildFile; fileRef = 08B82BCB219A8BCD00664BB7 /* collectionCell.swift */; };
		08B82BCF219A8C9000664BB7 /* 1.jpg in Resources */ = {isa = PBXBuildFile; fileRef = 08B82BCE219A8C9000664BB7 /* 1.jpg */; };
		08C53077219AC37600618AB8 /* Person+CoreDataClass.swift in Sources */ = {isa = PBXBuildFile; fileRef = 08C53075219AC37600618AB8 /* Person+CoreDataClass.swift */; };
		08C53078219AC37600618AB8 /* Person+CoreDataProperties.swift in Sources */ = {isa = PBXBuildFile; fileRef = 08C53076219AC37600618AB8 /* Person+CoreDataProperties.swift */; };
		08EFF9E4219A6B1500823CB9 /* AppDelegate.swift in Sources */ = {isa = PBXBuildFile; fileRef = 08EFF9E3219A6B1500823CB9 /* AppDelegate.swift */; };
		08EFF9E6219A6B1500823CB9 /* ViewController.swift in Sources */ = {isa = PBXBuildFile; fileRef = 08EFF9E5219A6B1500823CB9 /* ViewController.swift */; };
		08EFF9E9219A6B1500823CB9 /* Main.storyboard in Resources */ = {isa = PBXBuildFile; fileRef = 08EFF9E7219A6B1500823CB9 /* Main.storyboard */; };
		08EFF9EC219A6B1500823CB9 /* tableViewPratice.xcdatamodeld in Sources */ = {isa = PBXBuildFile; fileRef = 08EFF9EA219A6B1500823CB9 /* tableViewPratice.xcdatamodeld */; };
		08EFF9EE219A6B1600823CB9 /* Assets.xcassets in Resources */ = {isa = PBXBuildFile; fileRef = 08EFF9ED219A6B1600823CB9 /* Assets.xcassets */; };
		08EFF9F1219A6B1600823CB9 /* LaunchScreen.storyboard in Resources */ = {isa = PBXBuildFile; fileRef = 08EFF9EF219A6B1600823CB9 /* LaunchScreen.storyboard */; };
		08EFF9FA219A72A400823CB9 /* namesList.swift in Sources */ = {isa = PBXBuildFile; fileRef = 08EFF9F9219A72A400823CB9 /* namesList.swift */; };
		08EFF9FC219A72AC00823CB9 /* listCell.swift in Sources */ = {isa = PBXBuildFile; fileRef = 08EFF9FB219A72AC00823CB9 /* listCell.swift */; };
/* End PBXBuildFile section */

/* Begin PBXFileReference section */
		0801A0C8219AB3E400345131 /* Notification.swift */ = {isa = PBXFileReference; lastKnownFileType = sourcecode.swift; path = Notification.swift; sourceTree = "<group>"; };
		0801A0CB219ABECD00345131 /* DataBaseHandler.swift */ = {isa = PBXFileReference; lastKnownFileType = sourcecode.swift; path = DataBaseHandler.swift; sourceTree = "<group>"; };
		0801A0CD219ABEED00345131 /* Coredata.swift */ = {isa = PBXFileReference; lastKnownFileType = sourcecode.swift; path = Coredata.swift; sourceTree = "<group>"; };
		08B82BC9219A8BC100664BB7 /* CollectionView.swift */ = {isa = PBXFileReference; lastKnownFileType = sourcecode.swift; path = CollectionView.swift; sourceTree = "<group>"; };
		08B82BCB219A8BCD00664BB7 /* collectionCell.swift */ = {isa = PBXFileReference; lastKnownFileType = sourcecode.swift; path = collectionCell.swift; sourceTree = "<group>"; };
		08B82BCE219A8C9000664BB7 /* 1.jpg */ = {isa = PBXFileReference; lastKnownFileType = image.jpeg; path = 1.jpg; sourceTree = "<group>"; };
		08C53075219AC37600618AB8 /* Person+CoreDataClass.swift */ = {isa = PBXFileReference; lastKnownFileType = sourcecode.swift; name = "Person+CoreDataClass.swift"; path = "tableViewPratice/Coredata/Person+CoreDataClass.swift"; sourceTree = "<group>"; };
		08C53076219AC37600618AB8 /* Person+CoreDataProperties.swift */ = {isa = PBXFileReference; lastKnownFileType = sourcecode.swift; name = "Person+CoreDataProperties.swift"; path = "tableViewPratice/Coredata/Person+CoreDataProperties.swift"; sourceTree = "<group>"; };
		08EFF9E0219A6B1500823CB9 /* tableViewPratice.app */ = {isa = PBXFileReference; explicitFileType = wrapper.application; includeInIndex = 0; path = tableViewPratice.app; sourceTree = BUILT_PRODUCTS_DIR; };
		08EFF9E3219A6B1500823CB9 /* AppDelegate.swift */ = {isa = PBXFileReference; lastKnownFileType = sourcecode.swift; path = AppDelegate.swift; sourceTree = "<group>"; };
		08EFF9E5219A6B1500823CB9 /* ViewController.swift */ = {isa = PBXFileReference; lastKnownFileType = sourcecode.swift; path = ViewController.swift; sourceTree = "<group>"; };
		08EFF9E8219A6B1500823CB9 /* Base */ = {isa = PBXFileReference; lastKnownFileType = file.storyboard; name = Base; path = Base.lproj/Main.storyboard; sourceTree = "<group>"; };
		08EFF9EB219A6B1500823CB9 /* tableViewPratice.xcdatamodel */ = {isa = PBXFileReference; lastKnownFileType = wrapper.xcdatamodel; path = tableViewPratice.xcdatamodel; sourceTree = "<group>"; };
		08EFF9ED219A6B1600823CB9 /* Assets.xcassets */ = {isa = PBXFileReference; lastKnownFileType = folder.assetcatalog; path = Assets.xcassets; sourceTree = "<group>"; };
		08EFF9F0219A6B1600823CB9 /* Base */ = {isa = PBXFileReference; lastKnownFileType = file.storyboard; name = Base; path = Base.lproj/LaunchScreen.storyboard; sourceTree = "<group>"; };
		08EFF9F2219A6B1600823CB9 /* Info.plist */ = {isa = PBXFileReference; lastKnownFileType = text.plist.xml; path = Info.plist; sourceTree = "<group>"; };
		08EFF9F9219A72A400823CB9 /* namesList.swift */ = {isa = PBXFileReference; lastKnownFileType = sourcecode.swift; path = namesList.swift; sourceTree = "<group>"; };
		08EFF9FB219A72AC00823CB9 /* listCell.swift */ = {isa = PBXFileReference; lastKnownFileType = sourcecode.swift; path = listCell.swift; sourceTree = "<group>"; };
/* End PBXFileReference section */

/* Begin PBXFrameworksBuildPhase section */
		08EFF9DD219A6B1500823CB9 /* Frameworks */ = {
			isa = PBXFrameworksBuildPhase;
			buildActionMask = 2147483647;
			files = (
			);
			runOnlyForDeploymentPostprocessing = 0;
		};
/* End PBXFrameworksBuildPhase section */

/* Begin PBXGroup section */
		0801A0CA219AB3F500345131 /* Notifications */ = {
			isa = PBXGroup;
			children = (
				0801A0C8219AB3E400345131 /* Notification.swift */,
			);
			path = Notifications;
			sourceTree = "<group>";
		};
		0801A0CF219ABF2A00345131 /* Coredata */ = {
			isa = PBXGroup;
			children = (
				0801A0CD219ABEED00345131 /* Coredata.swift */,
				0801A0CB219ABECD00345131 /* DataBaseHandler.swift */,
			);
			path = Coredata;
			sourceTree = "<group>";
		};
		08B82BCD219A8BDE00664BB7 /* CollectionView */ = {
			isa = PBXGroup;
			children = (
				08B82BC9219A8BC100664BB7 /* CollectionView.swift */,
				08B82BCB219A8BCD00664BB7 /* collectionCell.swift */,
			);
			path = CollectionView;
			sourceTree = "<group>";
		};
		08EFF9D7219A6B1500823CB9 = {
			isa = PBXGroup;
			children = (
				08C53075219AC37600618AB8 /* Person+CoreDataClass.swift */,
				08C53076219AC37600618AB8 /* Person+CoreDataProperties.swift */,
				08EFF9E2219A6B1500823CB9 /* tableViewPratice */,
				08EFF9E1219A6B1500823CB9 /* Products */,
			);
			sourceTree = "<group>";
		};
		08EFF9E1219A6B1500823CB9 /* Products */ = {
			isa = PBXGroup;
			children = (
				08EFF9E0219A6B1500823CB9 /* tableViewPratice.app */,
			);
			name = Products;
			sourceTree = "<group>";
		};
		08EFF9E2219A6B1500823CB9 /* tableViewPratice */ = {
			isa = PBXGroup;
			children = (
				08EFF9E3219A6B1500823CB9 /* AppDelegate.swift */,
				0801A0CF219ABF2A00345131 /* Coredata */,
				0801A0CA219AB3F500345131 /* Notifications */,
				08EFF9E5219A6B1500823CB9 /* ViewController.swift */,
				08B82BCD219A8BDE00664BB7 /* CollectionView */,
				08EFF9FD219A72B400823CB9 /* TableView */,
				08EFF9F8219A726D00823CB9 /* SupportingFiles */,
				08EFF9EA219A6B1500823CB9 /* tableViewPratice.xcdatamodeld */,
				08EFF9F2219A6B1600823CB9 /* Info.plist */,
			);
			path = tableViewPratice;
			sourceTree = "<group>";
		};
		08EFF9F8219A726D00823CB9 /* SupportingFiles */ = {
			isa = PBXGroup;
			children = (
				08EFF9E7219A6B1500823CB9 /* Main.storyboard */,
				08EFF9ED219A6B1600823CB9 /* Assets.xcassets */,
				08B82BCE219A8C9000664BB7 /* 1.jpg */,
				08EFF9EF219A6B1600823CB9 /* LaunchScreen.storyboard */,
			);
			path = SupportingFiles;
			sourceTree = "<group>";
		};
		08EFF9FD219A72B400823CB9 /* TableView */ = {
			isa = PBXGroup;
			children = (
				08EFF9F9219A72A400823CB9 /* namesList.swift */,
				08EFF9FB219A72AC00823CB9 /* listCell.swift */,
			);
			path = TableView;
			sourceTree = "<group>";
		};
/* End PBXGroup section */

/* Begin PBXNativeTarget section */
		08EFF9DF219A6B1500823CB9 /* tableViewPratice */ = {
			isa = PBXNativeTarget;
			buildConfigurationList = 08EFF9F5219A6B1600823CB9 /* Build configuration list for PBXNativeTarget "tableViewPratice" */;
			buildPhases = (
				08EFF9DC219A6B1500823CB9 /* Sources */,
				08EFF9DD219A6B1500823CB9 /* Frameworks */,
				08EFF9DE219A6B1500823CB9 /* Resources */,
			);
			buildRules = (
			);
			dependencies = (
			);
			name = tableViewPratice;
			productName = tableViewPratice;
			productReference = 08EFF9E0219A6B1500823CB9 /* tableViewPratice.app */;
			productType = "com.apple.product-type.application";
		};
/* End PBXNativeTarget section */

/* Begin PBXProject section */
		08EFF9D8219A6B1500823CB9 /* Project object */ = {
			isa = PBXProject;
			attributes = {
				LastSwiftUpdateCheck = 1000;
				LastUpgradeCheck = 1000;
				ORGANIZATIONNAME = FullStackNet;
				TargetAttributes = {
					08EFF9DF219A6B1500823CB9 = {
						CreatedOnToolsVersion = 10.0;
					};
				};
			};
			buildConfigurationList = 08EFF9DB219A6B1500823CB9 /* Build configuration list for PBXProject "tableViewPratice" */;
			compatibilityVersion = "Xcode 9.3";
			developmentRegion = en;
			hasScannedForEncodings = 0;
			knownRegions = (
				en,
				Base,
			);
			mainGroup = 08EFF9D7219A6B1500823CB9;
			productRefGroup = 08EFF9E1219A6B1500823CB9 /* Products */;
			projectDirPath = "";
			projectRoot = "";
			targets = (
				08EFF9DF219A6B1500823CB9 /* tableViewPratice */,
			);
		};
/* End PBXProject section */

/* Begin PBXResourcesBuildPhase section */
		08EFF9DE219A6B1500823CB9 /* Resources */ = {
			isa = PBXResourcesBuildPhase;
			buildActionMask = 2147483647;
			files = (
				08B82BCF219A8C9000664BB7 /* 1.jpg in Resources */,
				08EFF9F1219A6B1600823CB9 /* LaunchScreen.storyboard in Resources */,
				08EFF9EE219A6B1600823CB9 /* Assets.xcassets in Resources */,
				08EFF9E9219A6B1500823CB9 /* Main.storyboard in Resources */,
			);
			runOnlyForDeploymentPostprocessing = 0;
		};
/* End PBXResourcesBuildPhase section */

/* Begin PBXSourcesBuildPhase section */
		08EFF9DC219A6B1500823CB9 /* Sources */ = {
			isa = PBXSourcesBuildPhase;
			buildActionMask = 2147483647;
			files = (
				08B82BCA219A8BC100664BB7 /* CollectionView.swift in Sources */,
				08C53077219AC37600618AB8 /* Person+CoreDataClass.swift in Sources */,
				08EFF9E6219A6B1500823CB9 /* ViewController.swift in Sources */,
				08EFF9E4219A6B1500823CB9 /* AppDelegate.swift in Sources */,
				08EFF9FA219A72A400823CB9 /* namesList.swift in Sources */,
				08EFF9FC219A72AC00823CB9 /* listCell.swift in Sources */,
				0801A0C9219AB3E400345131 /* Notification.swift in Sources */,
				0801A0CE219ABEED00345131 /* Coredata.swift in Sources */,
				08C53078219AC37600618AB8 /* Person+CoreDataProperties.swift in Sources */,
				08B82BCC219A8BCD00664BB7 /* collectionCell.swift in Sources */,
				0801A0CC219ABECD00345131 /* DataBaseHandler.swift in Sources */,
				08EFF9EC219A6B1500823CB9 /* tableViewPratice.xcdatamodeld in Sources */,
			);
			runOnlyForDeploymentPostprocessing = 0;
		};
/* End PBXSourcesBuildPhase section */

/* Begin PBXVariantGroup section */
		08EFF9E7219A6B1500823CB9 /* Main.storyboard */ = {
			isa = PBXVariantGroup;
			children = (
				08EFF9E8219A6B1500823CB9 /* Base */,
			);
			name = Main.storyboard;
			sourceTree = "<group>";
		};
		08EFF9EF219A6B1600823CB9 /* LaunchScreen.storyboard */ = {
			isa = PBXVariantGroup;
			children = (
				08EFF9F0219A6B1600823CB9 /* Base */,
			);
			name = LaunchScreen.storyboard;
			sourceTree = "<group>";
		};
/* End PBXVariantGroup section */

/* Begin XCBuildConfiguration section */
		08EFF9F3219A6B1600823CB9 /* Debug */ = {
			isa = XCBuildConfiguration;
			buildSettings = {
				ALWAYS_SEARCH_USER_PATHS = NO;
				CLANG_ANALYZER_NONNULL = YES;
				CLANG_ANALYZER_NUMBER_OBJECT_CONVERSION = YES_AGGRESSIVE;
				CLANG_CXX_LANGUAGE_STANDARD = "gnu++14";
				CLANG_CXX_LIBRARY = "libc++";
				CLANG_ENABLE_MODULES = YES;
				CLANG_ENABLE_OBJC_ARC = YES;
				CLANG_ENABLE_OBJC_WEAK = YES;
				CLANG_WARN_BLOCK_CAPTURE_AUTORELEASING = YES;
				CLANG_WARN_BOOL_CONVERSION = YES;
				CLANG_WARN_COMMA = YES;
				CLANG_WARN_CONSTANT_CONVERSION = YES;
				CLANG_WARN_DEPRECATED_OBJC_IMPLEMENTATIONS = YES;
				CLANG_WARN_DIRECT_OBJC_ISA_USAGE = YES_ERROR;
				CLANG_WARN_DOCUMENTATION_COMMENTS = YES;
				CLANG_WARN_EMPTY_BODY = YES;
				CLANG_WARN_ENUM_CONVERSION = YES;
				CLANG_WARN_INFINITE_RECURSION = YES;
				CLANG_WARN_INT_CONVERSION = YES;
				CLANG_WARN_NON_LITERAL_NULL_CONVERSION = YES;
				CLANG_WARN_OBJC_IMPLICIT_RETAIN_SELF = YES;
				CLANG_WARN_OBJC_LITERAL_CONVERSION = YES;
				CLANG_WARN_OBJC_ROOT_CLASS = YES_ERROR;
				CLANG_WARN_RANGE_LOOP_ANALYSIS = YES;
				CLANG_WARN_STRICT_PROTOTYPES = YES;
				CLANG_WARN_SUSPICIOUS_MOVE = YES;
				CLANG_WARN_UNGUARDED_AVAILABILITY = YES_AGGRESSIVE;
				CLANG_WARN_UNREACHABLE_CODE = YES;
				CLANG_WARN__DUPLICATE_METHOD_MATCH = YES;
				CODE_SIGN_IDENTITY = "iPhone Developer";
				COPY_PHASE_STRIP = NO;
				DEBUG_INFORMATION_FORMAT = dwarf;
				ENABLE_STRICT_OBJC_MSGSEND = YES;
				ENABLE_TESTABILITY = YES;
				GCC_C_LANGUAGE_STANDARD = gnu11;
				GCC_DYNAMIC_NO_PIC = NO;
				GCC_NO_COMMON_BLOCKS = YES;
				GCC_OPTIMIZATION_LEVEL = 0;
				GCC_PREPROCESSOR_DEFINITIONS = (
					"DEBUG=1",
					"$(inherited)",
				);
				GCC_WARN_64_TO_32_BIT_CONVERSION = YES;
				GCC_WARN_ABOUT_RETURN_TYPE = YES_ERROR;
				GCC_WARN_UNDECLARED_SELECTOR = YES;
				GCC_WARN_UNINITIALIZED_AUTOS = YES_AGGRESSIVE;
				GCC_WARN_UNUSED_FUNCTION = YES;
				GCC_WARN_UNUSED_VARIABLE = YES;
				IPHONEOS_DEPLOYMENT_TARGET = 12.0;
				MTL_ENABLE_DEBUG_INFO = INCLUDE_SOURCE;
				MTL_FAST_MATH = YES;
				ONLY_ACTIVE_ARCH = YES;
				SDKROOT = iphoneos;
				SWIFT_ACTIVE_COMPILATION_CONDITIONS = DEBUG;
				SWIFT_OPTIMIZATION_LEVEL = "-Onone";
			};
			name = Debug;
		};
		08EFF9F4219A6B1600823CB9 /* Release */ = {
			isa = XCBuildConfiguration;
			buildSettings = {
				ALWAYS_SEARCH_USER_PATHS = NO;
				CLANG_ANALYZER_NONNULL = YES;
				CLANG_ANALYZER_NUMBER_OBJECT_CONVERSION = YES_AGGRESSIVE;
				CLANG_CXX_LANGUAGE_STANDARD = "gnu++14";
				CLANG_CXX_LIBRARY = "libc++";
				CLANG_ENABLE_MODULES = YES;
				CLANG_ENABLE_OBJC_ARC = YES;
				CLANG_ENABLE_OBJC_WEAK = YES;
				CLANG_WARN_BLOCK_CAPTURE_AUTORELEASING = YES;
				CLANG_WARN_BOOL_CONVERSION = YES;
				CLANG_WARN_COMMA = YES;
				CLANG_WARN_CONSTANT_CONVERSION = YES;
				CLANG_WARN_DEPRECATED_OBJC_IMPLEMENTATIONS = YES;
				CLANG_WARN_DIRECT_OBJC_ISA_USAGE = YES_ERROR;
				CLANG_WARN_DOCUMENTATION_COMMENTS = YES;
				CLANG_WARN_EMPTY_BODY = YES;
				CLANG_WARN_ENUM_CONVERSION = YES;
				CLANG_WARN_INFINITE_RECURSION = YES;
				CLANG_WARN_INT_CONVERSION = YES;
				CLANG_WARN_NON_LITERAL_NULL_CONVERSION = YES;
				CLANG_WARN_OBJC_IMPLICIT_RETAIN_SELF = YES;
				CLANG_WARN_OBJC_LITERAL_CONVERSION = YES;
				CLANG_WARN_OBJC_ROOT_CLASS = YES_ERROR;
				CLANG_WARN_RANGE_LOOP_ANALYSIS = YES;
				CLANG_WARN_STRICT_PROTOTYPES = YES;
				CLANG_WARN_SUSPICIOUS_MOVE = YES;
				CLANG_WARN_UNGUARDED_AVAILABILITY = YES_AGGRESSIVE;
				CLANG_WARN_UNREACHABLE_CODE = YES;
				CLANG_WARN__DUPLICATE_METHOD_MATCH = YES;
				CODE_SIGN_IDENTITY = "iPhone Developer";
				COPY_PHASE_STRIP = NO;
				DEBUG_INFORMATION_FORMAT = "dwarf-with-dsym";
				ENABLE_NS_ASSERTIONS = NO;
				ENABLE_STRICT_OBJC_MSGSEND = YES;
				GCC_C_LANGUAGE_STANDARD = gnu11;
				GCC_NO_COMMON_BLOCKS = YES;
				GCC_WARN_64_TO_32_BIT_CONVERSION = YES;
				GCC_WARN_ABOUT_RETURN_TYPE = YES_ERROR;
				GCC_WARN_UNDECLARED_SELECTOR = YES;
				GCC_WARN_UNINITIALIZED_AUTOS = YES_AGGRESSIVE;
				GCC_WARN_UNUSED_FUNCTION = YES;
				GCC_WARN_UNUSED_VARIABLE = YES;
				IPHONEOS_DEPLOYMENT_TARGET = 12.0;
				MTL_ENABLE_DEBUG_INFO = NO;
				MTL_FAST_MATH = YES;
				SDKROOT = iphoneos;
				SWIFT_COMPILATION_MODE = wholemodule;
				SWIFT_OPTIMIZATION_LEVEL = "-O";
				VALIDATE_PRODUCT = YES;
			};
			name = Release;
		};
		08EFF9F6219A6B1600823CB9 /* Debug */ = {
			isa = XCBuildConfiguration;
			buildSettings = {
				ASSETCATALOG_COMPILER_APPICON_NAME = AppIcon;
				CODE_SIGN_STYLE = Automatic;
				DEVELOPMENT_TEAM = Q92USUJGJG;
				INFOPLIST_FILE = tableViewPratice/Info.plist;
				LD_RUNPATH_SEARCH_PATHS = (
					"$(inherited)",
					"@executable_path/Frameworks",
				);
				PRODUCT_BUNDLE_IDENTIFIER = com.fullstacknet.tableViewPratice;
				PRODUCT_NAME = "$(TARGET_NAME)";
				SWIFT_VERSION = 4.2;
				TARGETED_DEVICE_FAMILY = "1,2";
			};
			name = Debug;
		};
		08EFF9F7219A6B1600823CB9 /* Release */ = {
			isa = XCBuildConfiguration;
			buildSettings = {
				ASSETCATALOG_COMPILER_APPICON_NAME = AppIcon;
				CODE_SIGN_STYLE = Automatic;
				DEVELOPMENT_TEAM = Q92USUJGJG;
				INFOPLIST_FILE = tableViewPratice/Info.plist;
				LD_RUNPATH_SEARCH_PATHS = (
					"$(inherited)",
					"@executable_path/Frameworks",
				);
				PRODUCT_BUNDLE_IDENTIFIER = com.fullstacknet.tableViewPratice;
				PRODUCT_NAME = "$(TARGET_NAME)";
				SWIFT_VERSION = 4.2;
				TARGETED_DEVICE_FAMILY = "1,2";
			};
			name = Release;
		};
/* End XCBuildConfiguration section */

/* Begin XCConfigurationList section */
		08EFF9DB219A6B1500823CB9 /* Build configuration list for PBXProject "tableViewPratice" */ = {
			isa = XCConfigurationList;
			buildConfigurations = (
				08EFF9F3219A6B1600823CB9 /* Debug */,
				08EFF9F4219A6B1600823CB9 /* Release */,
			);
			defaultConfigurationIsVisible = 0;
			defaultConfigurationName = Release;
		};
		08EFF9F5219A6B1600823CB9 /* Build configuration list for PBXNativeTarget "tableViewPratice" */ = {
			isa = XCConfigurationList;
			buildConfigurations = (
				08EFF9F6219A6B1600823CB9 /* Debug */,
				08EFF9F7219A6B1600823CB9 /* Release */,
			);
			defaultConfigurationIsVisible = 0;
			defaultConfigurationName = Release;
		};
/* End XCConfigurationList section */

/* Begin XCVersionGroup section */
		08EFF9EA219A6B1500823CB9 /* tableViewPratice.xcdatamodeld */ = {
			isa = XCVersionGroup;
			children = (
				08EFF9EB219A6B1500823CB9 /* tableViewPratice.xcdatamodel */,
			);
			currentVersion = 08EFF9EB219A6B1500823CB9 /* tableViewPratice.xcdatamodel */;
			path = tableViewPratice.xcdatamodeld;
			sourceTree = "<group>";
			versionGroupType = wrapper.xcdatamodel;
		};
/* End XCVersionGroup section */
	};
	rootObject = 08EFF9D8219A6B1500823CB9 /* Project object */;
}
